
Microsoft Visual Studio Solution File, Format Version 12.00
# Visual Studio Version 17
VisualStudioVersion = 17.5.002.0
MinimumVisualStudioVersion = 10.0.40219.1
Project("{2150E333-8FDC-42A3-9474-1A3956D46DE8}") = "Labfiles", "Labfiles", "{89090EA3-FFF1-4C90-A17E-AB3A6C9F5EC7}"
EndProject
Project("{2150E333-8FDC-42A3-9474-1A3956D46DE8}") = "02-azure-openai-api", "02-azure-openai-api", "{88E922A4-510D-4ABF-A5FD-4C5950CE0B14}"
EndProject
Project("{9A19103F-16F7-4668-BE54-9A1E7A4F7556}") = "CSharp", "Labfiles\02-azure-openai-api\CSharp\CSharp.csproj", "{EB59651C-9018-489B-A336-C2A710A6E19E}"
EndProject
Project("{2150E333-8FDC-42A3-9474-1A3956D46DE8}") = "03-prompt-engineering", "03-prompt-engineering", "{589E0890-4856-4DBA-8850-7386F73A7FE9}"
EndProject
Project("{9A19103F-16F7-4668-BE54-9A1E7A4F7556}") = "CSharp", "Labfiles\03-prompt-engineering\CSharp\CSharp.csproj", "{44AA844A-8AA7-490A-BB0C-416D6910640A}"
EndProject
Project("{2150E333-8FDC-42A3-9474-1A3956D46DE8}") = "04-code-generation", "04-code-generation", "{318BAA68-F573-42DB-84CA-1B431CA24759}"
EndProject
Project("{9A19103F-16F7-4668-BE54-9A1E7A4F7556}") = "CSharp", "Labfiles\04-code-generation\CSharp\CSharp.csproj", "{3E823A32-147C-436B-9388-937030B78FC4}"
EndProject
Project("{2150E333-8FDC-42A3-9474-1A3956D46DE8}") = "05-image-generation", "05-image-generation", "{C8891FE8-FACC-43BD-9366-307134C9A3A8}"
EndProject
Project("{9A19103F-16F7-4668-BE54-9A1E7A4F7556}") = "generate_image", "Labfiles\05-image-generation\CSharp\generate_image.csproj", "{3E5089FA-A0B8-4BE9-98D6-7144F025B62D}"
EndProject
Project("{2150E333-8FDC-42A3-9474-1A3956D46DE8}") = "06-use-own-data", "06-use-own-data", "{9649ABC5-8556-42FA-AA0E-540500C82C43}"
EndProject
Project("{9A19103F-16F7-4668-BE54-9A1E7A4F7556}") = "CSharp", "Labfiles\06-use-own-data\CSharp\CSharp.csproj", "{B024420C-9C29-4E16-9F65-EDF45E20A9A4}"
EndProject
Project("{2150E333-8FDC-42A3-9474-1A3956D46DE8}") = "sample-code", "sample-code", "{8883A84F-A805-456D-ACCA-B95EC4F8A626}"
EndProject
Project("{9A19103F-16F7-4668-BE54-9A1E7A4F7556}") = "CSharp", "Labfiles\04-code-generation\sample-code\go-fish\CSharp.csproj", "{8789AB1B-11AA-4EAE-B0B2-732A8435AC73}"
EndProject
Global
	GlobalSection(SolutionConfigurationPlatforms) = preSolution
		Debug|Any CPU = Debug|Any CPU
		Release|Any CPU = Release|Any CPU
	EndGlobalSection
	GlobalSection(ProjectConfigurationPlatforms) = postSolution
		{EB59651C-9018-489B-A336-C2A710A6E19E}.Debug|Any CPU.ActiveCfg = Debug|Any CPU
		{EB59651C-9018-489B-A336-C2A710A6E19E}.Debug|Any CPU.Build.0 = Debug|Any CPU
		{EB59651C-9018-489B-A336-C2A710A6E19E}.Release|Any CPU.ActiveCfg = Release|Any CPU
		{EB59651C-9018-489B-A336-C2A710A6E19E}.Release|Any CPU.Build.0 = Release|Any CPU
		{44AA844A-8AA7-490A-BB0C-416D6910640A}.Debug|Any CPU.ActiveCfg = Debug|Any CPU
		{44AA844A-8AA7-490A-BB0C-416D6910640A}.Debug|Any CPU.Build.0 = Debug|Any CPU
		{44AA844A-8AA7-490A-BB0C-416D6910640A}.Release|Any CPU.ActiveCfg = Release|Any CPU
		{44AA844A-8AA7-490A-BB0C-416D6910640A}.Release|Any CPU.Build.0 = Release|Any CPU
		{3E823A32-147C-436B-9388-937030B78FC4}.Debug|Any CPU.ActiveCfg = Debug|Any CPU
		{3E823A32-147C-436B-9388-937030B78FC4}.Debug|Any CPU.Build.0 = Debug|Any CPU
		{3E823A32-147C-436B-9388-937030B78FC4}.Release|Any CPU.ActiveCfg = Release|Any CPU
		{3E823A32-147C-436B-9388-937030B78FC4}.Release|Any CPU.Build.0 = Release|Any CPU
		{3E5089FA-A0B8-4BE9-98D6-7144F025B62D}.Debug|Any CPU.ActiveCfg = Debug|Any CPU
		{3E5089FA-A0B8-4BE9-98D6-7144F025B62D}.Debug|Any CPU.Build.0 = Debug|Any CPU
		{3E5089FA-A0B8-4BE9-98D6-7144F025B62D}.Release|Any CPU.ActiveCfg = Release|Any CPU
		{3E5089FA-A0B8-4BE9-98D6-7144F025B62D}.Release|Any CPU.Build.0 = Release|Any CPU
		{B024420C-9C29-4E16-9F65-EDF45E20A9A4}.Debug|Any CPU.ActiveCfg = Debug|Any CPU
		{B024420C-9C29-4E16-9F65-EDF45E20A9A4}.Debug|Any CPU.Build.0 = Debug|Any CPU
		{B024420C-9C29-4E16-9F65-EDF45E20A9A4}.Release|Any CPU.ActiveCfg = Release|Any CPU
		{B024420C-9C29-4E16-9F65-EDF45E20A9A4}.Release|Any CPU.Build.0 = Release|Any CPU
		{8789AB1B-11AA-4EAE-B0B2-732A8435AC73}.Debug|Any CPU.ActiveCfg = Debug|Any CPU
		{8789AB1B-11AA-4EAE-B0B2-732A8435AC73}.Debug|Any CPU.Build.0 = Debug|Any CPU
		{8789AB1B-11AA-4EAE-B0B2-732A8435AC73}.Release|Any CPU.ActiveCfg = Release|Any CPU
		{8789AB1B-11AA-4EAE-B0B2-732A8435AC73}.Release|Any CPU.Build.0 = Release|Any CPU
	EndGlobalSection
	GlobalSection(SolutionProperties) = preSolution
		HideSolutionNode = FALSE
	EndGlobalSection
	GlobalSection(NestedProjects) = preSolution
		{88E922A4-510D-4ABF-A5FD-4C5950CE0B14} = {89090EA3-FFF1-4C90-A17E-AB3A6C9F5EC7}
		{EB59651C-9018-489B-A336-C2A710A6E19E} = {88E922A4-510D-4ABF-A5FD-4C5950CE0B14}
		{589E0890-4856-4DBA-8850-7386F73A7FE9} = {89090EA3-FFF1-4C90-A17E-AB3A6C9F5EC7}
		{44AA844A-8AA7-490A-BB0C-416D6910640A} = {589E0890-4856-4DBA-8850-7386F73A7FE9}
		{318BAA68-F573-42DB-84CA-1B431CA24759} = {89090EA3-FFF1-4C90-A17E-AB3A6C9F5EC7}
		{3E823A32-147C-436B-9388-937030B78FC4} = {318BAA68-F573-42DB-84CA-1B431CA24759}
		{C8891FE8-FACC-43BD-9366-307134C9A3A8} = {89090EA3-FFF1-4C90-A17E-AB3A6C9F5EC7}
		{3E5089FA-A0B8-4BE9-98D6-7144F025B62D} = {C8891FE8-FACC-43BD-9366-307134C9A3A8}
		{9649ABC5-8556-42FA-AA0E-540500C82C43} = {89090EA3-FFF1-4C90-A17E-AB3A6C9F5EC7}
		{B024420C-9C29-4E16-9F65-EDF45E20A9A4} = {9649ABC5-8556-42FA-AA0E-540500C82C43}
		{8883A84F-A805-456D-ACCA-B95EC4F8A626} = {318BAA68-F573-42DB-84CA-1B431CA24759}
		{8789AB1B-11AA-4EAE-B0B2-732A8435AC73} = {8883A84F-A805-456D-ACCA-B95EC4F8A626}
	EndGlobalSection
	GlobalSection(ExtensibilityGlobals) = postSolution
		SolutionGuid = {96B924C7-9CF0-472C-B1F6-91517D39F7EC}
	EndGlobalSection
EndGlobal
